
Microsoft Visual Studio Solution File, Format Version 12.00
# Visual Studio 15
VisualStudioVersion = 15.0.27703.2042
MinimumVisualStudioVersion = 10.0.40219.1
Project("{FAE04EC0-301F-11D3-BF4B-00C04F79EFBC}") = "PocketLife", "PocketLife\PocketLife.csproj", "{40C1DDC5-203B-4519-B0CB-4B96F918FA76}"
EndProject
Global
	GlobalSection(SolutionConfigurationPlatforms) = preSolution
		Debug|ARM = Debug|ARM
		Debug|x64 = Debug|x64
		Debug|x86 = Debug|x86
		Release|ARM = Release|ARM
		Release|x64 = Release|x64
		Release|x86 = Release|x86
	EndGlobalSection
	GlobalSection(ProjectConfigurationPlatforms) = postSolution
		{40C1DDC5-203B-4519-B0CB-4B96F918FA76}.Debug|ARM.ActiveCfg = Debug|ARM
		{40C1DDC5-203B-4519-B0CB-4B96F918FA76}.Debug|ARM.Build.0 = Debug|ARM
		{40C1DDC5-203B-4519-B0CB-4B96F918FA76}.Debug|ARM.Deploy.0 = Debug|ARM
		{40C1DDC5-203B-4519-B0CB-4B96F918FA76}.Debug|x64.ActiveCfg = Debug|x64
		{40C1DDC5-203B-4519-B0CB-4B96F918FA76}.Debug|x64.Build.0 = Debug|x64
		{40C1DDC5-203B-4519-B0CB-4B96F918FA76}.Debug|x64.Deploy.0 = Debug|x64
		{40C1DDC5-203B-4519-B0CB-4B96F918FA76}.Debug|x86.ActiveCfg = Debug|x86
		{40C1DDC5-203B-4519-B0CB-4B96F918FA76}.Debug|x86.Build.0 = Debug|x86
		{40C1DDC5-203B-4519-B0CB-4B96F918FA76}.Debug|x86.Deploy.0 = Debug|x86
		{40C1DDC5-203B-4519-B0CB-4B96F918FA76}.Release|ARM.ActiveCfg = Release|ARM
		{40C1DDC5-203B-4519-B0CB-4B96F918FA76}.Release|ARM.Build.0 = Release|ARM
		{40C1DDC5-203B-4519-B0CB-4B96F918FA76}.Release|ARM.Deploy.0 = Release|ARM
		{40C1DDC5-203B-4519-B0CB-4B96F918FA76}.Release|x64.ActiveCfg = Release|x64
		{40C1DDC5-203B-4519-B0CB-4B96F918FA76}.Release|x64.Build.0 = Release|x64
		{40C1DDC5-203B-4519-B0CB-4B96F918FA76}.Release|x64.Deploy.0 = Release|x64
		{40C1DDC5-203B-4519-B0CB-4B96F918FA76}.Release|x86.ActiveCfg = Release|x86
		{40C1DDC5-203B-4519-B0CB-4B96F918FA76}.Release|x86.Build.0 = Release|x86
		{40C1DDC5-203B-4519-B0CB-4B96F918FA76}.Release|x86.Deploy.0 = Release|x86
	EndGlobalSection
	GlobalSection(SolutionProperties) = preSolution
		HideSolutionNode = FALSE
	EndGlobalSection
	GlobalSection(ExtensibilityGlobals) = postSolution
		SolutionGuid = {37B9DEFF-22BD-47F9-BE7E-8C68C07A0E10}
	EndGlobalSection
EndGlobal
